
Microsoft Visual Studio Solution File, Format Version 12.00
# Visual Studio 15
VisualStudioVersion = 15.0.28307.1062
MinimumVisualStudioVersion = 10.0.40219.1
Project("{FAE04EC0-301F-11D3-BF4B-00C04F79EFBC}") = "bancoVendas", "bancoVendas\bancoVendas.csproj", "{61D30472-E76E-42D4-96F0-4C66CD947E06}"
EndProject
Global
	GlobalSection(SolutionConfigurationPlatforms) = preSolution
		Debug|Any CPU = Debug|Any CPU
		Release|Any CPU = Release|Any CPU
	EndGlobalSection
	GlobalSection(ProjectConfigurationPlatforms) = postSolution
		{61D30472-E76E-42D4-96F0-4C66CD947E06}.Debug|Any CPU.ActiveCfg = Debug|Any CPU
		{61D30472-E76E-42D4-96F0-4C66CD947E06}.Debug|Any CPU.Build.0 = Debug|Any CPU
		{61D30472-E76E-42D4-96F0-4C66CD947E06}.Release|Any CPU.ActiveCfg = Release|Any CPU
		{61D30472-E76E-42D4-96F0-4C66CD947E06}.Release|Any CPU.Build.0 = Release|Any CPU
	EndGlobalSection
	GlobalSection(SolutionProperties) = preSolution
		HideSolutionNode = FALSE
	EndGlobalSection
	GlobalSection(ExtensibilityGlobals) = postSolution
		SolutionGuid = {EEBB7530-80E6-42A2-A650-A34F625C9EBF}
	EndGlobalSection
EndGlobal
