
Microsoft Visual Studio Solution File, Format Version 12.00
# Visual Studio 15
VisualStudioVersion = 15.0.28307.1062
MinimumVisualStudioVersion = 10.0.40219.1
Project("{FAE04EC0-301F-11D3-BF4B-00C04F79EFBC}") = "banco_Clinica", "banco_Clinica\banco_Clinica.csproj", "{48EBD731-2C45-4179-87B2-50366A40C092}"
EndProject
Global
	GlobalSection(SolutionConfigurationPlatforms) = preSolution
		Debug|Any CPU = Debug|Any CPU
		Release|Any CPU = Release|Any CPU
	EndGlobalSection
	GlobalSection(ProjectConfigurationPlatforms) = postSolution
		{48EBD731-2C45-4179-87B2-50366A40C092}.Debug|Any CPU.ActiveCfg = Debug|Any CPU
		{48EBD731-2C45-4179-87B2-50366A40C092}.Debug|Any CPU.Build.0 = Debug|Any CPU
		{48EBD731-2C45-4179-87B2-50366A40C092}.Release|Any CPU.ActiveCfg = Release|Any CPU
		{48EBD731-2C45-4179-87B2-50366A40C092}.Release|Any CPU.Build.0 = Release|Any CPU
	EndGlobalSection
	GlobalSection(SolutionProperties) = preSolution
		HideSolutionNode = FALSE
	EndGlobalSection
	GlobalSection(ExtensibilityGlobals) = postSolution
		SolutionGuid = {FCD4EA6D-41CB-4614-990E-DDA02EDA1480}
	EndGlobalSection
EndGlobal
